
Microsoft Visual Studio Solution File, Format Version 12.00
# Visual Studio Version 17
VisualStudioVersion = 17.1.32421.90
MinimumVisualStudioVersion = 10.0.40219.1
Project("{FAE04EC0-301F-11D3-BF4B-00C04F79EFBC}") = "lata_przestępne_z_użytkownikiem", "lata_przestępne_z_użytkownikiem.csproj", "{908AAA1E-3DD2-4CE4-AB5E-29B3CCFAA0D9}"
EndProject
Global
	GlobalSection(SolutionConfigurationPlatforms) = preSolution
		Debug|Any CPU = Debug|Any CPU
		Release|Any CPU = Release|Any CPU
	EndGlobalSection
	GlobalSection(ProjectConfigurationPlatforms) = postSolution
		{908AAA1E-3DD2-4CE4-AB5E-29B3CCFAA0D9}.Debug|Any CPU.ActiveCfg = Debug|Any CPU
		{908AAA1E-3DD2-4CE4-AB5E-29B3CCFAA0D9}.Debug|Any CPU.Build.0 = Debug|Any CPU
		{908AAA1E-3DD2-4CE4-AB5E-29B3CCFAA0D9}.Release|Any CPU.ActiveCfg = Release|Any CPU
		{908AAA1E-3DD2-4CE4-AB5E-29B3CCFAA0D9}.Release|Any CPU.Build.0 = Release|Any CPU
	EndGlobalSection
	GlobalSection(SolutionProperties) = preSolution
		HideSolutionNode = FALSE
	EndGlobalSection
	GlobalSection(ExtensibilityGlobals) = postSolution
		SolutionGuid = {7CC35314-22E9-4ABD-A8D3-DB8C9DA11E46}
	EndGlobalSection
EndGlobal
